
Microsoft Visual Studio Solution File, Format Version 12.00
# Visual Studio Version 17
VisualStudioVersion = 17.10.35122.118
MinimumVisualStudioVersion = 10.0.40219.1
Project("{9A19103F-16F7-4668-BE54-9A1E7A4F7556}") = "HackerNewsApi", "HackerNewsApi\HackerNewsApi.csproj", "{39073955-DF43-46AC-8F0A-BE3D9B8E77D3}"
EndProject
Project("{9A19103F-16F7-4668-BE54-9A1E7A4F7556}") = "HackerNews.DataAccess", "HackerNews.DataAccess\HackerNews.DataAccess.csproj", "{C89AC059-3ECE-4E9C-833F-C8166D4485D0}"
EndProject
Project("{54A90642-561A-4BB1-A94E-469ADEE60C69}") = "hackernewsreact", "HackerNewsReact\hackernewsreact.esproj", "{69D57F84-5FD6-4039-A9B5-152C6A93246D}"
	ProjectSection(ProjectDependencies) = postProject
		{39073955-DF43-46AC-8F0A-BE3D9B8E77D3} = {39073955-DF43-46AC-8F0A-BE3D9B8E77D3}
	EndProjectSection
EndProject
Global
	GlobalSection(SolutionConfigurationPlatforms) = preSolution
		Debug|Any CPU = Debug|Any CPU
		Release|Any CPU = Release|Any CPU
	EndGlobalSection
	GlobalSection(ProjectConfigurationPlatforms) = postSolution
		{39073955-DF43-46AC-8F0A-BE3D9B8E77D3}.Debug|Any CPU.ActiveCfg = Debug|Any CPU
		{39073955-DF43-46AC-8F0A-BE3D9B8E77D3}.Debug|Any CPU.Build.0 = Debug|Any CPU
		{39073955-DF43-46AC-8F0A-BE3D9B8E77D3}.Release|Any CPU.ActiveCfg = Release|Any CPU
		{39073955-DF43-46AC-8F0A-BE3D9B8E77D3}.Release|Any CPU.Build.0 = Release|Any CPU
		{C89AC059-3ECE-4E9C-833F-C8166D4485D0}.Debug|Any CPU.ActiveCfg = Debug|Any CPU
		{C89AC059-3ECE-4E9C-833F-C8166D4485D0}.Debug|Any CPU.Build.0 = Debug|Any CPU
		{C89AC059-3ECE-4E9C-833F-C8166D4485D0}.Release|Any CPU.ActiveCfg = Release|Any CPU
		{C89AC059-3ECE-4E9C-833F-C8166D4485D0}.Release|Any CPU.Build.0 = Release|Any CPU
		{69D57F84-5FD6-4039-A9B5-152C6A93246D}.Debug|Any CPU.ActiveCfg = Debug|Any CPU
		{69D57F84-5FD6-4039-A9B5-152C6A93246D}.Debug|Any CPU.Build.0 = Debug|Any CPU
		{69D57F84-5FD6-4039-A9B5-152C6A93246D}.Debug|Any CPU.Deploy.0 = Debug|Any CPU
		{69D57F84-5FD6-4039-A9B5-152C6A93246D}.Release|Any CPU.ActiveCfg = Release|Any CPU
		{69D57F84-5FD6-4039-A9B5-152C6A93246D}.Release|Any CPU.Build.0 = Release|Any CPU
		{69D57F84-5FD6-4039-A9B5-152C6A93246D}.Release|Any CPU.Deploy.0 = Release|Any CPU
	EndGlobalSection
	GlobalSection(SolutionProperties) = preSolution
		HideSolutionNode = FALSE
	EndGlobalSection
	GlobalSection(ExtensibilityGlobals) = postSolution
		SolutionGuid = {6E163372-83C0-4D28-BB5D-3787B10A1662}
	EndGlobalSection
EndGlobal
