
Microsoft Visual Studio Solution File, Format Version 12.00
# Visual Studio Version 17
VisualStudioVersion = 17.10.35122.118
MinimumVisualStudioVersion = 10.0.40219.1
Project("{FAE04EC0-301F-11D3-BF4B-00C04F79EFBC}") = "HackerNewsApi", "HackerNewsApi\HackerNewsApi.csproj", "{39073955-DF43-46AC-8F0A-BE3D9B8E77D3}"
EndProject
Project("{FAE04EC0-301F-11D3-BF4B-00C04F79EFBC}") = "HackerNews.DataAccess", "HackerNews.DataAccess\HackerNews.DataAccess.csproj", "{C89AC059-3ECE-4E9C-833F-C8166D4485D0}"
EndProject
Global
	GlobalSection(SolutionConfigurationPlatforms) = preSolution
		Debug|Any CPU = Debug|Any CPU
		Release|Any CPU = Release|Any CPU
	EndGlobalSection
	GlobalSection(ProjectConfigurationPlatforms) = postSolution
		{39073955-DF43-46AC-8F0A-BE3D9B8E77D3}.Debug|Any CPU.ActiveCfg = Debug|Any CPU
		{39073955-DF43-46AC-8F0A-BE3D9B8E77D3}.Debug|Any CPU.Build.0 = Debug|Any CPU
		{39073955-DF43-46AC-8F0A-BE3D9B8E77D3}.Release|Any CPU.ActiveCfg = Release|Any CPU
		{39073955-DF43-46AC-8F0A-BE3D9B8E77D3}.Release|Any CPU.Build.0 = Release|Any CPU
		{C89AC059-3ECE-4E9C-833F-C8166D4485D0}.Debug|Any CPU.ActiveCfg = Debug|Any CPU
		{C89AC059-3ECE-4E9C-833F-C8166D4485D0}.Debug|Any CPU.Build.0 = Debug|Any CPU
		{C89AC059-3ECE-4E9C-833F-C8166D4485D0}.Release|Any CPU.ActiveCfg = Release|Any CPU
		{C89AC059-3ECE-4E9C-833F-C8166D4485D0}.Release|Any CPU.Build.0 = Release|Any CPU
	EndGlobalSection
	GlobalSection(SolutionProperties) = preSolution
		HideSolutionNode = FALSE
	EndGlobalSection
	GlobalSection(ExtensibilityGlobals) = postSolution
		SolutionGuid = {6E163372-83C0-4D28-BB5D-3787B10A1662}
	EndGlobalSection
EndGlobal
